
Microsoft Visual Studio Solution File, Format Version 12.00
# Visual Studio Version 17
VisualStudioVersion = 17.14.36401.2
MinimumVisualStudioVersion = 10.0.40219.1
Project("{FAE04EC0-301F-11D3-BF4B-00C04F79EFBC}") = "Server", "Server\Server.csproj", "{3E3C5B28-7F88-4D6E-8E45-97D71A2E747B}"
EndProject
Project("{FAE04EC0-301F-11D3-BF4B-00C04F79EFBC}") = "Client", "Client\Client.csproj", "{9CADA170-9E49-4432-8959-4BB0A17EA4E8}"
EndProject
Project("{FAE04EC0-301F-11D3-BF4B-00C04F79EFBC}") = "Shared", "Shared\Shared.csproj", "{7976D982-7B37-4EE7-AEDA-2032B8931769}"
EndProject
Global
	GlobalSection(SolutionConfigurationPlatforms) = preSolution
		Debug|Any CPU = Debug|Any CPU
		Release|Any CPU = Release|Any CPU
	EndGlobalSection
	GlobalSection(ProjectConfigurationPlatforms) = postSolution
		{3E3C5B28-7F88-4D6E-8E45-97D71A2E747B}.Debug|Any CPU.ActiveCfg = Debug|Any CPU
		{3E3C5B28-7F88-4D6E-8E45-97D71A2E747B}.Debug|Any CPU.Build.0 = Debug|Any CPU
		{3E3C5B28-7F88-4D6E-8E45-97D71A2E747B}.Release|Any CPU.ActiveCfg = Release|Any CPU
		{3E3C5B28-7F88-4D6E-8E45-97D71A2E747B}.Release|Any CPU.Build.0 = Release|Any CPU
		{9CADA170-9E49-4432-8959-4BB0A17EA4E8}.Debug|Any CPU.ActiveCfg = Debug|Any CPU
		{9CADA170-9E49-4432-8959-4BB0A17EA4E8}.Debug|Any CPU.Build.0 = Debug|Any CPU
		{9CADA170-9E49-4432-8959-4BB0A17EA4E8}.Release|Any CPU.ActiveCfg = Release|Any CPU
		{9CADA170-9E49-4432-8959-4BB0A17EA4E8}.Release|Any CPU.Build.0 = Release|Any CPU
		{7976D982-7B37-4EE7-AEDA-2032B8931769}.Debug|Any CPU.ActiveCfg = Debug|Any CPU
		{7976D982-7B37-4EE7-AEDA-2032B8931769}.Debug|Any CPU.Build.0 = Debug|Any CPU
		{7976D982-7B37-4EE7-AEDA-2032B8931769}.Release|Any CPU.ActiveCfg = Release|Any CPU
		{7976D982-7B37-4EE7-AEDA-2032B8931769}.Release|Any CPU.Build.0 = Release|Any CPU
	EndGlobalSection
	GlobalSection(SolutionProperties) = preSolution
		HideSolutionNode = FALSE
	EndGlobalSection
	GlobalSection(ExtensibilityGlobals) = postSolution
		SolutionGuid = {B2897C30-3D12-4301-9356-00F4968EC5D8}
	EndGlobalSection
EndGlobal
